
Microsoft Visual Studio Solution File, Format Version 12.00
Project("{FAE04EC0-301F-11D3-BF4B-00C04F79EFBC}") = "MP4ToMp3Converter", "MP4ToMp3Converter\MP4ToMp3Converter.csproj", "{F63DD272-EE9A-4640-8D9D-6D3B7C5D10FE}"
EndProject
Global
	GlobalSection(SolutionConfigurationPlatforms) = preSolution
		Debug|Any CPU = Debug|Any CPU
		Release|Any CPU = Release|Any CPU
	EndGlobalSection
	GlobalSection(ProjectConfigurationPlatforms) = postSolution
		{F63DD272-EE9A-4640-8D9D-6D3B7C5D10FE}.Debug|Any CPU.ActiveCfg = Debug|Any CPU
		{F63DD272-EE9A-4640-8D9D-6D3B7C5D10FE}.Debug|Any CPU.Build.0 = Debug|Any CPU
		{F63DD272-EE9A-4640-8D9D-6D3B7C5D10FE}.Release|Any CPU.ActiveCfg = Release|Any CPU
		{F63DD272-EE9A-4640-8D9D-6D3B7C5D10FE}.Release|Any CPU.Build.0 = Release|Any CPU
	EndGlobalSection
EndGlobal
